{
  "name": "hello-anil",
  "version": "1.1.1",
  "lockfileVersion": 3,
  "requires": true,
  "packages": {
    "": {
      "name": "hello-anil",
      "version": "1.1.1",
      "license": "ISC",
      "dependencies": {
        "hello-anil": "^1.1.1"
      },
      "bin": {
        "hello-anil": "index.js"
      }
    },
    "node_modules/hello-anil": {
      "version": "1.1.1",
      "resolved": "https://registry.npmjs.org/hello-anil/-/hello-anil-1.1.1.tgz",
      "integrity": "sha512-vC0kGgHZQbzFmXlCto4maZLuSs5tkrIChc6AeaLXK2h8T1swetoGbIL2vDSvIYUcJqM5gH07WADtTNzfm3sEXg==",
      "license": "ISC",
      "bin": {
        "hello-anil": "index.js"
      }
    }
  }
}
